{
	"name": "@pallad/project-checksum-state-file",
	"version": "0.0.9",
	"lockfileVersion": 2,
	"requires": true,
	"packages": {
		"": {
			"name": "@pallad/project-checksum-state-file",
			"version": "0.0.9",
			"license": "MIT",
			"dependencies": {
				"ajv": "^8.11.0",
				"alpha-errors": "^0.4.0",
				"alpha-validator-bridge-jsonschema": "^0.1.0",
				"monet": "^0.9.3",
				"yaml": "^2.0.1"
			}
		},
		"node_modules/@pallad/builder": {
			"version": "1.0.1",
			"resolved": "https://registry.npmjs.org/@pallad/builder/-/builder-1.0.1.tgz",
			"integrity": "sha512-0P0vZ19MdS00BoSrFD8BOdTc+WEIHqp6E0x7XADj3yS+fsUEblJib2l8eAaaIkRKO7qZBQeC3zk+EODhpkZ3+w=="
		},
		"node_modules/ajv": {
			"version": "8.11.0",
			"resolved": "https://registry.npmjs.org/ajv/-/ajv-8.11.0.tgz",
			"integrity": "sha512-wGgprdCvMalC0BztXvitD2hC04YffAvtsUn93JbGXYLAtCUO4xd17mCCZQxUOItiBwZvJScWo8NIvQMQ71rdpg==",
			"dependencies": {
				"fast-deep-equal": "^3.1.1",
				"json-schema-traverse": "^1.0.0",
				"require-from-string": "^2.0.2",
				"uri-js": "^4.2.2"
			},
			"funding": {
				"type": "github",
				"url": "https://github.com/sponsors/epoberezkin"
			}
		},
		"node_modules/alpha-errors": {
			"version": "0.4.0",
			"resolved": "https://registry.npmjs.org/alpha-errors/-/alpha-errors-0.4.0.tgz",
			"integrity": "sha512-5wPqDzK6AuSVFWIy5wI8UQDziDiSX/LIOf50kvwJUseiXGAL7d3bTlgwQokC8BF0l8OiwKHCeQjj4CQf1EfUAQ==",
			"dependencies": {
				"@pallad/builder": "^1.0.1"
			}
		},
		"node_modules/alpha-validator": {
			"version": "0.6.2",
			"resolved": "https://registry.npmjs.org/alpha-validator/-/alpha-validator-0.6.2.tgz",
			"integrity": "sha512-LGQOeRR4J1qrkLyjqiWsJ+Ik5zbghztVAdcolm3rzkvmnNF+/2mXUXfkvN4KbNN0v0FW32mFry/iVjUlpakQ5g==",
			"peer": true,
			"dependencies": {
				"monet": "^0.9.0"
			}
		},
		"node_modules/alpha-validator-bridge-jsonschema": {
			"version": "0.1.0",
			"resolved": "https://registry.npmjs.org/alpha-validator-bridge-jsonschema/-/alpha-validator-bridge-jsonschema-0.1.0.tgz",
			"integrity": "sha512-/W+CjSieuGLaEwjJcC97ZRBExG5ilqZ1B6Etoby/zTw1KBbo7KV9VnRl1TW0riOR3U5BXUlNs3qjnuDVd99Cvw==",
			"peerDependencies": {
				"ajv": "^8.11.0",
				"alpha-validator": "^0.6.0",
				"jsonschema": "^1.4.0"
			}
		},
		"node_modules/fast-deep-equal": {
			"version": "3.1.3",
			"resolved": "https://registry.npmjs.org/fast-deep-equal/-/fast-deep-equal-3.1.3.tgz",
			"integrity": "sha512-f3qQ9oQy9j2AhBe/H9VC91wLmKBCCU/gDOnKNAYG5hswO7BLKj09Hc5HYNz9cGI++xlpDCIgDaitVs03ATR84Q=="
		},
		"node_modules/json-schema-traverse": {
			"version": "1.0.0",
			"resolved": "https://registry.npmjs.org/json-schema-traverse/-/json-schema-traverse-1.0.0.tgz",
			"integrity": "sha512-NM8/P9n3XjXhIZn1lLhkFaACTOURQXjWhV4BA/RnOv8xvgqtqpAX9IO4mRQxSx1Rlo4tqzeqb0sOlruaOy3dug=="
		},
		"node_modules/jsonschema": {
			"version": "1.4.0",
			"resolved": "https://registry.npmjs.org/jsonschema/-/jsonschema-1.4.0.tgz",
			"integrity": "sha512-/YgW6pRMr6M7C+4o8kS+B/2myEpHCrxO4PEWnqJNBFMjn7EWXqlQ4tGwL6xTHeRplwuZmcAncdvfOad1nT2yMw==",
			"peer": true,
			"engines": {
				"node": "*"
			}
		},
		"node_modules/monet": {
			"version": "0.9.3",
			"resolved": "https://registry.npmjs.org/monet/-/monet-0.9.3.tgz",
			"integrity": "sha512-t1hzyR2uXrkENSn1cZC487Tb6FcLUMBvRnCvTT/1SE/uJy6OJR2l9tb80p+tZOuopFK4+Ch4gy0vxr9nkqxT/w==",
			"engines": {
				"node": ">=12",
				"npm": ">=6"
			}
		},
		"node_modules/punycode": {
			"version": "2.1.1",
			"resolved": "https://registry.npmjs.org/punycode/-/punycode-2.1.1.tgz",
			"integrity": "sha512-XRsRjdf+j5ml+y/6GKHPZbrF/8p2Yga0JPtdqTIY2Xe5ohJPD9saDJJLPvp9+NSBprVvevdXZybnj2cv8OEd0A==",
			"engines": {
				"node": ">=6"
			}
		},
		"node_modules/require-from-string": {
			"version": "2.0.2",
			"resolved": "https://registry.npmjs.org/require-from-string/-/require-from-string-2.0.2.tgz",
			"integrity": "sha512-Xf0nWe6RseziFMu+Ap9biiUbmplq6S9/p+7w7YXP/JBHhrUDDUhwa+vANyubuqfZWTveU//DYVGsDG7RKL/vEw==",
			"engines": {
				"node": ">=0.10.0"
			}
		},
		"node_modules/uri-js": {
			"version": "4.4.1",
			"resolved": "https://registry.npmjs.org/uri-js/-/uri-js-4.4.1.tgz",
			"integrity": "sha512-7rKUyy33Q1yc98pQ1DAmLtwX109F7TIfWlW1Ydo8Wl1ii1SeHieeh0HHfPeL2fMXK6z0s8ecKs9frCuLJvndBg==",
			"dependencies": {
				"punycode": "^2.1.0"
			}
		},
		"node_modules/yaml": {
			"version": "2.0.1",
			"resolved": "https://registry.npmjs.org/yaml/-/yaml-2.0.1.tgz",
			"integrity": "sha512-1NpAYQ3wjzIlMs0mgdBmYzLkFgWBIWrzYVDYfrixhoFNNgJ444/jT2kUT2sicRbJES3oQYRZugjB6Ro8SjKeFg==",
			"engines": {
				"node": ">= 14"
			}
		}
	},
	"dependencies": {
		"@pallad/builder": {
			"version": "1.0.1",
			"resolved": "https://registry.npmjs.org/@pallad/builder/-/builder-1.0.1.tgz",
			"integrity": "sha512-0P0vZ19MdS00BoSrFD8BOdTc+WEIHqp6E0x7XADj3yS+fsUEblJib2l8eAaaIkRKO7qZBQeC3zk+EODhpkZ3+w=="
		},
		"ajv": {
			"version": "8.11.0",
			"resolved": "https://registry.npmjs.org/ajv/-/ajv-8.11.0.tgz",
			"integrity": "sha512-wGgprdCvMalC0BztXvitD2hC04YffAvtsUn93JbGXYLAtCUO4xd17mCCZQxUOItiBwZvJScWo8NIvQMQ71rdpg==",
			"requires": {
				"fast-deep-equal": "^3.1.1",
				"json-schema-traverse": "^1.0.0",
				"require-from-string": "^2.0.2",
				"uri-js": "^4.2.2"
			}
		},
		"alpha-errors": {
			"version": "0.4.0",
			"resolved": "https://registry.npmjs.org/alpha-errors/-/alpha-errors-0.4.0.tgz",
			"integrity": "sha512-5wPqDzK6AuSVFWIy5wI8UQDziDiSX/LIOf50kvwJUseiXGAL7d3bTlgwQokC8BF0l8OiwKHCeQjj4CQf1EfUAQ==",
			"requires": {
				"@pallad/builder": "^1.0.1"
			}
		},
		"alpha-validator": {
			"version": "0.6.2",
			"resolved": "https://registry.npmjs.org/alpha-validator/-/alpha-validator-0.6.2.tgz",
			"integrity": "sha512-LGQOeRR4J1qrkLyjqiWsJ+Ik5zbghztVAdcolm3rzkvmnNF+/2mXUXfkvN4KbNN0v0FW32mFry/iVjUlpakQ5g==",
			"peer": true,
			"requires": {
				"monet": "^0.9.0"
			}
		},
		"alpha-validator-bridge-jsonschema": {
			"version": "0.1.0",
			"resolved": "https://registry.npmjs.org/alpha-validator-bridge-jsonschema/-/alpha-validator-bridge-jsonschema-0.1.0.tgz",
			"integrity": "sha512-/W+CjSieuGLaEwjJcC97ZRBExG5ilqZ1B6Etoby/zTw1KBbo7KV9VnRl1TW0riOR3U5BXUlNs3qjnuDVd99Cvw==",
			"requires": {}
		},
		"fast-deep-equal": {
			"version": "3.1.3",
			"resolved": "https://registry.npmjs.org/fast-deep-equal/-/fast-deep-equal-3.1.3.tgz",
			"integrity": "sha512-f3qQ9oQy9j2AhBe/H9VC91wLmKBCCU/gDOnKNAYG5hswO7BLKj09Hc5HYNz9cGI++xlpDCIgDaitVs03ATR84Q=="
		},
		"json-schema-traverse": {
			"version": "1.0.0",
			"resolved": "https://registry.npmjs.org/json-schema-traverse/-/json-schema-traverse-1.0.0.tgz",
			"integrity": "sha512-NM8/P9n3XjXhIZn1lLhkFaACTOURQXjWhV4BA/RnOv8xvgqtqpAX9IO4mRQxSx1Rlo4tqzeqb0sOlruaOy3dug=="
		},
		"jsonschema": {
			"version": "1.4.0",
			"resolved": "https://registry.npmjs.org/jsonschema/-/jsonschema-1.4.0.tgz",
			"integrity": "sha512-/YgW6pRMr6M7C+4o8kS+B/2myEpHCrxO4PEWnqJNBFMjn7EWXqlQ4tGwL6xTHeRplwuZmcAncdvfOad1nT2yMw==",
			"peer": true
		},
		"monet": {
			"version": "0.9.3",
			"resolved": "https://registry.npmjs.org/monet/-/monet-0.9.3.tgz",
			"integrity": "sha512-t1hzyR2uXrkENSn1cZC487Tb6FcLUMBvRnCvTT/1SE/uJy6OJR2l9tb80p+tZOuopFK4+Ch4gy0vxr9nkqxT/w=="
		},
		"punycode": {
			"version": "2.1.1",
			"resolved": "https://registry.npmjs.org/punycode/-/punycode-2.1.1.tgz",
			"integrity": "sha512-XRsRjdf+j5ml+y/6GKHPZbrF/8p2Yga0JPtdqTIY2Xe5ohJPD9saDJJLPvp9+NSBprVvevdXZybnj2cv8OEd0A=="
		},
		"require-from-string": {
			"version": "2.0.2",
			"resolved": "https://registry.npmjs.org/require-from-string/-/require-from-string-2.0.2.tgz",
			"integrity": "sha512-Xf0nWe6RseziFMu+Ap9biiUbmplq6S9/p+7w7YXP/JBHhrUDDUhwa+vANyubuqfZWTveU//DYVGsDG7RKL/vEw=="
		},
		"uri-js": {
			"version": "4.4.1",
			"resolved": "https://registry.npmjs.org/uri-js/-/uri-js-4.4.1.tgz",
			"integrity": "sha512-7rKUyy33Q1yc98pQ1DAmLtwX109F7TIfWlW1Ydo8Wl1ii1SeHieeh0HHfPeL2fMXK6z0s8ecKs9frCuLJvndBg==",
			"requires": {
				"punycode": "^2.1.0"
			}
		},
		"yaml": {
			"version": "2.0.1",
			"resolved": "https://registry.npmjs.org/yaml/-/yaml-2.0.1.tgz",
			"integrity": "sha512-1NpAYQ3wjzIlMs0mgdBmYzLkFgWBIWrzYVDYfrixhoFNNgJ444/jT2kUT2sicRbJES3oQYRZugjB6Ro8SjKeFg=="
		}
	}
}
