{
	"name": "@pallad/project-checksum-loader-package",
	"version": "0.2.0",
	"lockfileVersion": 2,
	"requires": true,
	"packages": {
		"": {
			"name": "@pallad/project-checksum-loader-package",
			"version": "0.1.3",
			"license": "MIT",
			"dependencies": {
				"@sweet-monads/either": "^3",
				"ajv": "^8.11.0",
				"alpha-validator": "^0.7.0",
				"alpha-validator-bridge-jsonschema": "^0.2.1",
				"get-installed-path": "^4.0.8",
				"tslib": "^2.4.0"
			}
		},
		"node_modules/@sweet-monads/either": {
			"version": "3.1.0",
			"resolved": "https://registry.npmjs.org/@sweet-monads/either/-/either-3.1.0.tgz",
			"integrity": "sha512-GiKUqzwj2602FCJo+sFMYyuo8OS1rmknSLRSJmjvnKqkyo+OXEqAhw9tAASH/SvCC7OC7IEEUvarocWMuB9pdg==",
			"dependencies": {
				"@sweet-monads/interfaces": "^3.1.0"
			}
		},
		"node_modules/@sweet-monads/interfaces": {
			"version": "3.1.0",
			"resolved": "https://registry.npmjs.org/@sweet-monads/interfaces/-/interfaces-3.1.0.tgz",
			"integrity": "sha512-/65uh95U8yWmnVQVQWPh6v49vTDomXYttDJot86JOpWjP2gpStnPX02uTH/WMla0vfGb5KP7mFZMKUvom/QqkA=="
		},
		"node_modules/@sweet-monads/maybe": {
			"version": "3.1.0",
			"resolved": "https://registry.npmjs.org/@sweet-monads/maybe/-/maybe-3.1.0.tgz",
			"integrity": "sha512-Gsq7bY0CWHjKCErWuCruBaqnRAHYDe5Ae2xgFevHM7CJmDA+dBD3s9ChMZs5DPT8hjyFOQgO5BPU/VhnkjqV0Q==",
			"dependencies": {
				"@sweet-monads/interfaces": "^3.1.0"
			}
		},
		"node_modules/ajv": {
			"version": "8.11.0",
			"resolved": "https://registry.npmjs.org/ajv/-/ajv-8.11.0.tgz",
			"integrity": "sha512-wGgprdCvMalC0BztXvitD2hC04YffAvtsUn93JbGXYLAtCUO4xd17mCCZQxUOItiBwZvJScWo8NIvQMQ71rdpg==",
			"dependencies": {
				"fast-deep-equal": "^3.1.1",
				"json-schema-traverse": "^1.0.0",
				"require-from-string": "^2.0.2",
				"uri-js": "^4.2.2"
			},
			"funding": {
				"type": "github",
				"url": "https://github.com/sponsors/epoberezkin"
			}
		},
		"node_modules/alpha-validator": {
			"version": "0.7.0",
			"resolved": "https://registry.npmjs.org/alpha-validator/-/alpha-validator-0.7.0.tgz",
			"integrity": "sha512-/AzBXUYMGIxDRlOV389Qo+qXKNsMIghjAte1EpFQ6HjKCD+CSEb7FP5F/wpsENxrCvHpOnkJEwf+lSs78vWR4Q==",
			"dependencies": {
				"@sweet-monads/either": "^3",
				"@sweet-monads/maybe": "^3"
			}
		},
		"node_modules/alpha-validator-bridge-jsonschema": {
			"version": "0.2.1",
			"resolved": "https://registry.npmjs.org/alpha-validator-bridge-jsonschema/-/alpha-validator-bridge-jsonschema-0.2.1.tgz",
			"integrity": "sha512-JbDSAADvz/TlCCJlzI0AY95lZ70e+PwUqyRL+HmToGK1Q4BXKR1ZWGvZ2R+aH3ND1Z10umqUUdPR1KDgYlHENw==",
			"peerDependencies": {
				"@sweet-monads/either": "^3",
				"ajv": "^8.11.0",
				"alpha-validator": "^0.7.0",
				"jsonschema": "^1.4.0"
			}
		},
		"node_modules/expand-tilde": {
			"version": "2.0.2",
			"resolved": "https://registry.npmjs.org/expand-tilde/-/expand-tilde-2.0.2.tgz",
			"integrity": "sha512-A5EmesHW6rfnZ9ysHQjPdJRni0SRar0tjtG5MNtm9n5TUvsYU8oozprtRD4AqHxcZWWlVuAmQo2nWKfN9oyjTw==",
			"dependencies": {
				"homedir-polyfill": "^1.0.1"
			},
			"engines": {
				"node": ">=0.10.0"
			}
		},
		"node_modules/fast-deep-equal": {
			"version": "3.1.3",
			"resolved": "https://registry.npmjs.org/fast-deep-equal/-/fast-deep-equal-3.1.3.tgz",
			"integrity": "sha512-f3qQ9oQy9j2AhBe/H9VC91wLmKBCCU/gDOnKNAYG5hswO7BLKj09Hc5HYNz9cGI++xlpDCIgDaitVs03ATR84Q=="
		},
		"node_modules/get-installed-path": {
			"version": "4.0.8",
			"resolved": "https://registry.npmjs.org/get-installed-path/-/get-installed-path-4.0.8.tgz",
			"integrity": "sha512-PmANK1xElIHlHH2tXfOoTnSDUjX1X3GvKK6ZyLbUnSCCn1pADwu67eVWttuPzJWrXDDT2MfO6uAaKILOFfitmA==",
			"dependencies": {
				"global-modules": "1.0.0"
			},
			"engines": {
				"node": ">=6",
				"npm": ">=5",
				"yarn": ">=1"
			}
		},
		"node_modules/global-modules": {
			"version": "1.0.0",
			"resolved": "https://registry.npmjs.org/global-modules/-/global-modules-1.0.0.tgz",
			"integrity": "sha512-sKzpEkf11GpOFuw0Zzjzmt4B4UZwjOcG757PPvrfhxcLFbq0wpsgpOqxpxtxFiCG4DtG93M6XRVbF2oGdev7bg==",
			"dependencies": {
				"global-prefix": "^1.0.1",
				"is-windows": "^1.0.1",
				"resolve-dir": "^1.0.0"
			},
			"engines": {
				"node": ">=0.10.0"
			}
		},
		"node_modules/global-prefix": {
			"version": "1.0.2",
			"resolved": "https://registry.npmjs.org/global-prefix/-/global-prefix-1.0.2.tgz",
			"integrity": "sha512-5lsx1NUDHtSjfg0eHlmYvZKv8/nVqX4ckFbM+FrGcQ+04KWcWFo9P5MxPZYSzUvyzmdTbI7Eix8Q4IbELDqzKg==",
			"dependencies": {
				"expand-tilde": "^2.0.2",
				"homedir-polyfill": "^1.0.1",
				"ini": "^1.3.4",
				"is-windows": "^1.0.1",
				"which": "^1.2.14"
			},
			"engines": {
				"node": ">=0.10.0"
			}
		},
		"node_modules/homedir-polyfill": {
			"version": "1.0.3",
			"resolved": "https://registry.npmjs.org/homedir-polyfill/-/homedir-polyfill-1.0.3.tgz",
			"integrity": "sha512-eSmmWE5bZTK2Nou4g0AI3zZ9rswp7GRKoKXS1BLUkvPviOqs4YTN1djQIqrXy9k5gEtdLPy86JjRwsNM9tnDcA==",
			"dependencies": {
				"parse-passwd": "^1.0.0"
			},
			"engines": {
				"node": ">=0.10.0"
			}
		},
		"node_modules/ini": {
			"version": "1.3.8",
			"resolved": "https://registry.npmjs.org/ini/-/ini-1.3.8.tgz",
			"integrity": "sha512-JV/yugV2uzW5iMRSiZAyDtQd+nxtUnjeLt0acNdw98kKLrvuRVyB80tsREOE7yvGVgalhZ6RNXCmEHkUKBKxew=="
		},
		"node_modules/is-windows": {
			"version": "1.0.2",
			"resolved": "https://registry.npmjs.org/is-windows/-/is-windows-1.0.2.tgz",
			"integrity": "sha512-eXK1UInq2bPmjyX6e3VHIzMLobc4J94i4AWn+Hpq3OU5KkrRC96OAcR3PRJ/pGu6m8TRnBHP9dkXQVsT/COVIA==",
			"engines": {
				"node": ">=0.10.0"
			}
		},
		"node_modules/isexe": {
			"version": "2.0.0",
			"resolved": "https://registry.npmjs.org/isexe/-/isexe-2.0.0.tgz",
			"integrity": "sha512-RHxMLp9lnKHGHRng9QFhRCMbYAcVpn69smSGcq3f36xjgVVWThj4qqLbTLlq7Ssj8B+fIQ1EuCEGI2lKsyQeIw=="
		},
		"node_modules/json-schema-traverse": {
			"version": "1.0.0",
			"resolved": "https://registry.npmjs.org/json-schema-traverse/-/json-schema-traverse-1.0.0.tgz",
			"integrity": "sha512-NM8/P9n3XjXhIZn1lLhkFaACTOURQXjWhV4BA/RnOv8xvgqtqpAX9IO4mRQxSx1Rlo4tqzeqb0sOlruaOy3dug=="
		},
		"node_modules/jsonschema": {
			"version": "1.4.1",
			"resolved": "https://registry.npmjs.org/jsonschema/-/jsonschema-1.4.1.tgz",
			"integrity": "sha512-S6cATIPVv1z0IlxdN+zUk5EPjkGCdnhN4wVSBlvoUO1tOLJootbo9CquNJmbIh4yikWHiUedhRYrNPn1arpEmQ==",
			"peer": true,
			"engines": {
				"node": "*"
			}
		},
		"node_modules/parse-passwd": {
			"version": "1.0.0",
			"resolved": "https://registry.npmjs.org/parse-passwd/-/parse-passwd-1.0.0.tgz",
			"integrity": "sha512-1Y1A//QUXEZK7YKz+rD9WydcE1+EuPr6ZBgKecAB8tmoW6UFv0NREVJe1p+jRxtThkcbbKkfwIbWJe/IeE6m2Q==",
			"engines": {
				"node": ">=0.10.0"
			}
		},
		"node_modules/punycode": {
			"version": "2.1.1",
			"resolved": "https://registry.npmjs.org/punycode/-/punycode-2.1.1.tgz",
			"integrity": "sha512-XRsRjdf+j5ml+y/6GKHPZbrF/8p2Yga0JPtdqTIY2Xe5ohJPD9saDJJLPvp9+NSBprVvevdXZybnj2cv8OEd0A==",
			"engines": {
				"node": ">=6"
			}
		},
		"node_modules/require-from-string": {
			"version": "2.0.2",
			"resolved": "https://registry.npmjs.org/require-from-string/-/require-from-string-2.0.2.tgz",
			"integrity": "sha512-Xf0nWe6RseziFMu+Ap9biiUbmplq6S9/p+7w7YXP/JBHhrUDDUhwa+vANyubuqfZWTveU//DYVGsDG7RKL/vEw==",
			"engines": {
				"node": ">=0.10.0"
			}
		},
		"node_modules/resolve-dir": {
			"version": "1.0.1",
			"resolved": "https://registry.npmjs.org/resolve-dir/-/resolve-dir-1.0.1.tgz",
			"integrity": "sha512-R7uiTjECzvOsWSfdM0QKFNBVFcK27aHOUwdvK53BcW8zqnGdYp0Fbj82cy54+2A4P2tFM22J5kRfe1R+lM/1yg==",
			"dependencies": {
				"expand-tilde": "^2.0.0",
				"global-modules": "^1.0.0"
			},
			"engines": {
				"node": ">=0.10.0"
			}
		},
		"node_modules/tslib": {
			"version": "2.4.1",
			"resolved": "https://registry.npmjs.org/tslib/-/tslib-2.4.1.tgz",
			"integrity": "sha512-tGyy4dAjRIEwI7BzsB0lynWgOpfqjUdq91XXAlIWD2OwKBH7oCl/GZG/HT4BOHrTlPMOASlMQ7veyTqpmRcrNA=="
		},
		"node_modules/uri-js": {
			"version": "4.4.1",
			"resolved": "https://registry.npmjs.org/uri-js/-/uri-js-4.4.1.tgz",
			"integrity": "sha512-7rKUyy33Q1yc98pQ1DAmLtwX109F7TIfWlW1Ydo8Wl1ii1SeHieeh0HHfPeL2fMXK6z0s8ecKs9frCuLJvndBg==",
			"dependencies": {
				"punycode": "^2.1.0"
			}
		},
		"node_modules/which": {
			"version": "1.3.1",
			"resolved": "https://registry.npmjs.org/which/-/which-1.3.1.tgz",
			"integrity": "sha512-HxJdYWq1MTIQbJ3nw0cqssHoTNU267KlrDuGZ1WYlxDStUtKUhOaJmh112/TZmHxxUfuJqPXSOm7tDyas0OSIQ==",
			"dependencies": {
				"isexe": "^2.0.0"
			},
			"bin": {
				"which": "bin/which"
			}
		}
	},
	"dependencies": {
		"@sweet-monads/either": {
			"version": "3.1.0",
			"resolved": "https://registry.npmjs.org/@sweet-monads/either/-/either-3.1.0.tgz",
			"integrity": "sha512-GiKUqzwj2602FCJo+sFMYyuo8OS1rmknSLRSJmjvnKqkyo+OXEqAhw9tAASH/SvCC7OC7IEEUvarocWMuB9pdg==",
			"requires": {
				"@sweet-monads/interfaces": "^3.1.0"
			}
		},
		"@sweet-monads/interfaces": {
			"version": "3.1.0",
			"resolved": "https://registry.npmjs.org/@sweet-monads/interfaces/-/interfaces-3.1.0.tgz",
			"integrity": "sha512-/65uh95U8yWmnVQVQWPh6v49vTDomXYttDJot86JOpWjP2gpStnPX02uTH/WMla0vfGb5KP7mFZMKUvom/QqkA=="
		},
		"@sweet-monads/maybe": {
			"version": "3.1.0",
			"resolved": "https://registry.npmjs.org/@sweet-monads/maybe/-/maybe-3.1.0.tgz",
			"integrity": "sha512-Gsq7bY0CWHjKCErWuCruBaqnRAHYDe5Ae2xgFevHM7CJmDA+dBD3s9ChMZs5DPT8hjyFOQgO5BPU/VhnkjqV0Q==",
			"requires": {
				"@sweet-monads/interfaces": "^3.1.0"
			}
		},
		"ajv": {
			"version": "8.11.0",
			"resolved": "https://registry.npmjs.org/ajv/-/ajv-8.11.0.tgz",
			"integrity": "sha512-wGgprdCvMalC0BztXvitD2hC04YffAvtsUn93JbGXYLAtCUO4xd17mCCZQxUOItiBwZvJScWo8NIvQMQ71rdpg==",
			"requires": {
				"fast-deep-equal": "^3.1.1",
				"json-schema-traverse": "^1.0.0",
				"require-from-string": "^2.0.2",
				"uri-js": "^4.2.2"
			}
		},
		"alpha-validator": {
			"version": "0.7.0",
			"resolved": "https://registry.npmjs.org/alpha-validator/-/alpha-validator-0.7.0.tgz",
			"integrity": "sha512-/AzBXUYMGIxDRlOV389Qo+qXKNsMIghjAte1EpFQ6HjKCD+CSEb7FP5F/wpsENxrCvHpOnkJEwf+lSs78vWR4Q==",
			"requires": {
				"@sweet-monads/either": "^3",
				"@sweet-monads/maybe": "^3"
			}
		},
		"alpha-validator-bridge-jsonschema": {
			"version": "0.2.1",
			"resolved": "https://registry.npmjs.org/alpha-validator-bridge-jsonschema/-/alpha-validator-bridge-jsonschema-0.2.1.tgz",
			"integrity": "sha512-JbDSAADvz/TlCCJlzI0AY95lZ70e+PwUqyRL+HmToGK1Q4BXKR1ZWGvZ2R+aH3ND1Z10umqUUdPR1KDgYlHENw==",
			"requires": {}
		},
		"expand-tilde": {
			"version": "2.0.2",
			"resolved": "https://registry.npmjs.org/expand-tilde/-/expand-tilde-2.0.2.tgz",
			"integrity": "sha512-A5EmesHW6rfnZ9ysHQjPdJRni0SRar0tjtG5MNtm9n5TUvsYU8oozprtRD4AqHxcZWWlVuAmQo2nWKfN9oyjTw==",
			"requires": {
				"homedir-polyfill": "^1.0.1"
			}
		},
		"fast-deep-equal": {
			"version": "3.1.3",
			"resolved": "https://registry.npmjs.org/fast-deep-equal/-/fast-deep-equal-3.1.3.tgz",
			"integrity": "sha512-f3qQ9oQy9j2AhBe/H9VC91wLmKBCCU/gDOnKNAYG5hswO7BLKj09Hc5HYNz9cGI++xlpDCIgDaitVs03ATR84Q=="
		},
		"get-installed-path": {
			"version": "4.0.8",
			"resolved": "https://registry.npmjs.org/get-installed-path/-/get-installed-path-4.0.8.tgz",
			"integrity": "sha512-PmANK1xElIHlHH2tXfOoTnSDUjX1X3GvKK6ZyLbUnSCCn1pADwu67eVWttuPzJWrXDDT2MfO6uAaKILOFfitmA==",
			"requires": {
				"global-modules": "1.0.0"
			}
		},
		"global-modules": {
			"version": "1.0.0",
			"resolved": "https://registry.npmjs.org/global-modules/-/global-modules-1.0.0.tgz",
			"integrity": "sha512-sKzpEkf11GpOFuw0Zzjzmt4B4UZwjOcG757PPvrfhxcLFbq0wpsgpOqxpxtxFiCG4DtG93M6XRVbF2oGdev7bg==",
			"requires": {
				"global-prefix": "^1.0.1",
				"is-windows": "^1.0.1",
				"resolve-dir": "^1.0.0"
			}
		},
		"global-prefix": {
			"version": "1.0.2",
			"resolved": "https://registry.npmjs.org/global-prefix/-/global-prefix-1.0.2.tgz",
			"integrity": "sha512-5lsx1NUDHtSjfg0eHlmYvZKv8/nVqX4ckFbM+FrGcQ+04KWcWFo9P5MxPZYSzUvyzmdTbI7Eix8Q4IbELDqzKg==",
			"requires": {
				"expand-tilde": "^2.0.2",
				"homedir-polyfill": "^1.0.1",
				"ini": "^1.3.4",
				"is-windows": "^1.0.1",
				"which": "^1.2.14"
			}
		},
		"homedir-polyfill": {
			"version": "1.0.3",
			"resolved": "https://registry.npmjs.org/homedir-polyfill/-/homedir-polyfill-1.0.3.tgz",
			"integrity": "sha512-eSmmWE5bZTK2Nou4g0AI3zZ9rswp7GRKoKXS1BLUkvPviOqs4YTN1djQIqrXy9k5gEtdLPy86JjRwsNM9tnDcA==",
			"requires": {
				"parse-passwd": "^1.0.0"
			}
		},
		"ini": {
			"version": "1.3.8",
			"resolved": "https://registry.npmjs.org/ini/-/ini-1.3.8.tgz",
			"integrity": "sha512-JV/yugV2uzW5iMRSiZAyDtQd+nxtUnjeLt0acNdw98kKLrvuRVyB80tsREOE7yvGVgalhZ6RNXCmEHkUKBKxew=="
		},
		"is-windows": {
			"version": "1.0.2",
			"resolved": "https://registry.npmjs.org/is-windows/-/is-windows-1.0.2.tgz",
			"integrity": "sha512-eXK1UInq2bPmjyX6e3VHIzMLobc4J94i4AWn+Hpq3OU5KkrRC96OAcR3PRJ/pGu6m8TRnBHP9dkXQVsT/COVIA=="
		},
		"isexe": {
			"version": "2.0.0",
			"resolved": "https://registry.npmjs.org/isexe/-/isexe-2.0.0.tgz",
			"integrity": "sha512-RHxMLp9lnKHGHRng9QFhRCMbYAcVpn69smSGcq3f36xjgVVWThj4qqLbTLlq7Ssj8B+fIQ1EuCEGI2lKsyQeIw=="
		},
		"json-schema-traverse": {
			"version": "1.0.0",
			"resolved": "https://registry.npmjs.org/json-schema-traverse/-/json-schema-traverse-1.0.0.tgz",
			"integrity": "sha512-NM8/P9n3XjXhIZn1lLhkFaACTOURQXjWhV4BA/RnOv8xvgqtqpAX9IO4mRQxSx1Rlo4tqzeqb0sOlruaOy3dug=="
		},
		"jsonschema": {
			"version": "1.4.1",
			"resolved": "https://registry.npmjs.org/jsonschema/-/jsonschema-1.4.1.tgz",
			"integrity": "sha512-S6cATIPVv1z0IlxdN+zUk5EPjkGCdnhN4wVSBlvoUO1tOLJootbo9CquNJmbIh4yikWHiUedhRYrNPn1arpEmQ==",
			"peer": true
		},
		"parse-passwd": {
			"version": "1.0.0",
			"resolved": "https://registry.npmjs.org/parse-passwd/-/parse-passwd-1.0.0.tgz",
			"integrity": "sha512-1Y1A//QUXEZK7YKz+rD9WydcE1+EuPr6ZBgKecAB8tmoW6UFv0NREVJe1p+jRxtThkcbbKkfwIbWJe/IeE6m2Q=="
		},
		"punycode": {
			"version": "2.1.1",
			"resolved": "https://registry.npmjs.org/punycode/-/punycode-2.1.1.tgz",
			"integrity": "sha512-XRsRjdf+j5ml+y/6GKHPZbrF/8p2Yga0JPtdqTIY2Xe5ohJPD9saDJJLPvp9+NSBprVvevdXZybnj2cv8OEd0A=="
		},
		"require-from-string": {
			"version": "2.0.2",
			"resolved": "https://registry.npmjs.org/require-from-string/-/require-from-string-2.0.2.tgz",
			"integrity": "sha512-Xf0nWe6RseziFMu+Ap9biiUbmplq6S9/p+7w7YXP/JBHhrUDDUhwa+vANyubuqfZWTveU//DYVGsDG7RKL/vEw=="
		},
		"resolve-dir": {
			"version": "1.0.1",
			"resolved": "https://registry.npmjs.org/resolve-dir/-/resolve-dir-1.0.1.tgz",
			"integrity": "sha512-R7uiTjECzvOsWSfdM0QKFNBVFcK27aHOUwdvK53BcW8zqnGdYp0Fbj82cy54+2A4P2tFM22J5kRfe1R+lM/1yg==",
			"requires": {
				"expand-tilde": "^2.0.0",
				"global-modules": "^1.0.0"
			}
		},
		"tslib": {
			"version": "2.4.1",
			"resolved": "https://registry.npmjs.org/tslib/-/tslib-2.4.1.tgz",
			"integrity": "sha512-tGyy4dAjRIEwI7BzsB0lynWgOpfqjUdq91XXAlIWD2OwKBH7oCl/GZG/HT4BOHrTlPMOASlMQ7veyTqpmRcrNA=="
		},
		"uri-js": {
			"version": "4.4.1",
			"resolved": "https://registry.npmjs.org/uri-js/-/uri-js-4.4.1.tgz",
			"integrity": "sha512-7rKUyy33Q1yc98pQ1DAmLtwX109F7TIfWlW1Ydo8Wl1ii1SeHieeh0HHfPeL2fMXK6z0s8ecKs9frCuLJvndBg==",
			"requires": {
				"punycode": "^2.1.0"
			}
		},
		"which": {
			"version": "1.3.1",
			"resolved": "https://registry.npmjs.org/which/-/which-1.3.1.tgz",
			"integrity": "sha512-HxJdYWq1MTIQbJ3nw0cqssHoTNU267KlrDuGZ1WYlxDStUtKUhOaJmh112/TZmHxxUfuJqPXSOm7tDyas0OSIQ==",
			"requires": {
				"isexe": "^2.0.0"
			}
		}
	}
}
